
Microsoft Visual Studio Solution File, Format Version 12.00
Project("{FAE04EC0-301F-11D3-BF4B-00C04F79EFBC}") = "McpServer", "McpServer\McpServer.csproj", "{99B030BC-1098-4F52-A2EF-66793AE4162B}"
EndProject
Project("{FAE04EC0-301F-11D3-BF4B-00C04F79EFBC}") = "BomAPI", "BomAPI\BomAPI.csproj", "{5EB2223B-3955-46B7-8EFA-26EABBA3E6DB}"
EndProject
Project("{FAE04EC0-301F-11D3-BF4B-00C04F79EFBC}") = "BomDataAccess", "BomDataAccess\BomDataAccess.csproj", "{AA2E7674-2DB7-4333-A59A-6EF891BFB422}"
EndProject
Project("{FAE04EC0-301F-11D3-BF4B-00C04F79EFBC}") = "McpClientConsole", "McpClientConsole\McpClientConsole.csproj", "{6005D14D-C71F-4AAF-BBC0-9B606EEAE8F7}"
EndProject
Project("{2150E333-8FDC-42A3-9474-1A3956D46DE8}") = "Security", "Security", "{DDFE2BD5-82A7-4C75-9ED1-81F2B5A0493A}"
EndProject
Project("{FAE04EC0-301F-11D3-BF4B-00C04F79EFBC}") = "IdentityDataAccess", "IdentityDataAccess\IdentityDataAccess.csproj", "{CF4F47B6-68B7-4EC5-B385-3A131FFADCAF}"
EndProject
Project("{2150E333-8FDC-42A3-9474-1A3956D46DE8}") = "Bom", "Bom", "{8476FBDF-77C1-49D4-8FF4-EAA18FDAD8EC}"
EndProject
Project("{2150E333-8FDC-42A3-9474-1A3956D46DE8}") = "Server", "Server", "{EB09DD41-1B39-4307-97D9-4D233B591309}"
EndProject
Project("{2150E333-8FDC-42A3-9474-1A3956D46DE8}") = "Client", "Client", "{DE96F6D6-5E24-4D21-B572-B73B094A4769}"
EndProject
Global
	GlobalSection(SolutionConfigurationPlatforms) = preSolution
		Debug|Any CPU = Debug|Any CPU
		Release|Any CPU = Release|Any CPU
	EndGlobalSection
	GlobalSection(ProjectConfigurationPlatforms) = postSolution
		{99B030BC-1098-4F52-A2EF-66793AE4162B}.Debug|Any CPU.ActiveCfg = Debug|Any CPU
		{99B030BC-1098-4F52-A2EF-66793AE4162B}.Debug|Any CPU.Build.0 = Debug|Any CPU
		{99B030BC-1098-4F52-A2EF-66793AE4162B}.Release|Any CPU.ActiveCfg = Release|Any CPU
		{99B030BC-1098-4F52-A2EF-66793AE4162B}.Release|Any CPU.Build.0 = Release|Any CPU
		{5EB2223B-3955-46B7-8EFA-26EABBA3E6DB}.Debug|Any CPU.ActiveCfg = Debug|Any CPU
		{5EB2223B-3955-46B7-8EFA-26EABBA3E6DB}.Debug|Any CPU.Build.0 = Debug|Any CPU
		{5EB2223B-3955-46B7-8EFA-26EABBA3E6DB}.Release|Any CPU.ActiveCfg = Release|Any CPU
		{5EB2223B-3955-46B7-8EFA-26EABBA3E6DB}.Release|Any CPU.Build.0 = Release|Any CPU
		{AA2E7674-2DB7-4333-A59A-6EF891BFB422}.Debug|Any CPU.ActiveCfg = Debug|Any CPU
		{AA2E7674-2DB7-4333-A59A-6EF891BFB422}.Debug|Any CPU.Build.0 = Debug|Any CPU
		{AA2E7674-2DB7-4333-A59A-6EF891BFB422}.Release|Any CPU.ActiveCfg = Release|Any CPU
		{AA2E7674-2DB7-4333-A59A-6EF891BFB422}.Release|Any CPU.Build.0 = Release|Any CPU
		{6005D14D-C71F-4AAF-BBC0-9B606EEAE8F7}.Debug|Any CPU.ActiveCfg = Debug|Any CPU
		{6005D14D-C71F-4AAF-BBC0-9B606EEAE8F7}.Debug|Any CPU.Build.0 = Debug|Any CPU
		{6005D14D-C71F-4AAF-BBC0-9B606EEAE8F7}.Release|Any CPU.ActiveCfg = Release|Any CPU
		{6005D14D-C71F-4AAF-BBC0-9B606EEAE8F7}.Release|Any CPU.Build.0 = Release|Any CPU
		{CF4F47B6-68B7-4EC5-B385-3A131FFADCAF}.Debug|Any CPU.ActiveCfg = Debug|Any CPU
		{CF4F47B6-68B7-4EC5-B385-3A131FFADCAF}.Debug|Any CPU.Build.0 = Debug|Any CPU
		{CF4F47B6-68B7-4EC5-B385-3A131FFADCAF}.Release|Any CPU.ActiveCfg = Release|Any CPU
		{CF4F47B6-68B7-4EC5-B385-3A131FFADCAF}.Release|Any CPU.Build.0 = Release|Any CPU
	EndGlobalSection
	GlobalSection(NestedProjects) = preSolution
		{CF4F47B6-68B7-4EC5-B385-3A131FFADCAF} = {DDFE2BD5-82A7-4C75-9ED1-81F2B5A0493A}
		{5EB2223B-3955-46B7-8EFA-26EABBA3E6DB} = {8476FBDF-77C1-49D4-8FF4-EAA18FDAD8EC}
		{AA2E7674-2DB7-4333-A59A-6EF891BFB422} = {8476FBDF-77C1-49D4-8FF4-EAA18FDAD8EC}
		{99B030BC-1098-4F52-A2EF-66793AE4162B} = {EB09DD41-1B39-4307-97D9-4D233B591309}
		{6005D14D-C71F-4AAF-BBC0-9B606EEAE8F7} = {DE96F6D6-5E24-4D21-B572-B73B094A4769}
	EndGlobalSection
EndGlobal
